
Microsoft Visual Studio Solution File, Format Version 12.00
# Visual Studio Version 16
VisualStudioVersion = 16.0.31515.178
MinimumVisualStudioVersion = 10.0.40219.1
Project("{9A19103F-16F7-4668-BE54-9A1E7A4F7556}") = "CustomerAPI", "CustomerAPI\CustomerAPI.csproj", "{130D4CA0-5790-43F5-B740-4726D18D5963}"
EndProject
Project("{FAE04EC0-301F-11D3-BF4B-00C04F79EFBC}") = "CustomerAPI.Tests", "CustomerAPI.Tests\CustomerAPI.Tests.csproj", "{8CFD34FF-D543-4E05-BC45-35F0CD48C82D}"
EndProject
Global
	GlobalSection(SolutionConfigurationPlatforms) = preSolution
		Debug|Any CPU = Debug|Any CPU
		Release|Any CPU = Release|Any CPU
	EndGlobalSection
	GlobalSection(ProjectConfigurationPlatforms) = postSolution
		{130D4CA0-5790-43F5-B740-4726D18D5963}.Debug|Any CPU.ActiveCfg = Debug|Any CPU
		{130D4CA0-5790-43F5-B740-4726D18D5963}.Debug|Any CPU.Build.0 = Debug|Any CPU
		{130D4CA0-5790-43F5-B740-4726D18D5963}.Release|Any CPU.ActiveCfg = Release|Any CPU
		{130D4CA0-5790-43F5-B740-4726D18D5963}.Release|Any CPU.Build.0 = Release|Any CPU
		{8CFD34FF-D543-4E05-BC45-35F0CD48C82D}.Debug|Any CPU.ActiveCfg = Debug|Any CPU
		{8CFD34FF-D543-4E05-BC45-35F0CD48C82D}.Debug|Any CPU.Build.0 = Debug|Any CPU
		{8CFD34FF-D543-4E05-BC45-35F0CD48C82D}.Release|Any CPU.ActiveCfg = Release|Any CPU
		{8CFD34FF-D543-4E05-BC45-35F0CD48C82D}.Release|Any CPU.Build.0 = Release|Any CPU
	EndGlobalSection
	GlobalSection(SolutionProperties) = preSolution
		HideSolutionNode = FALSE
	EndGlobalSection
	GlobalSection(ExtensibilityGlobals) = postSolution
		SolutionGuid = {8CAA9ABE-8454-4496-9FE6-45CD0F230C6D}
	EndGlobalSection
EndGlobal
